
Microsoft Visual Studio Solution File, Format Version 12.00
# Visual Studio 15
VisualStudioVersion = 15.0.27428.2037
MinimumVisualStudioVersion = 10.0.40219.1
Project("{9A19103F-16F7-4668-BE54-9A1E7A4F7556}") = "BiancasBookshelfMVC", "WebApplication1\BiancasBookshelfMVC.csproj", "{EE221044-DD92-491B-88D9-0DCFBAF45205}"
EndProject
Global
	GlobalSection(SolutionConfigurationPlatforms) = preSolution
		Debug|Any CPU = Debug|Any CPU
		Release|Any CPU = Release|Any CPU
	EndGlobalSection
	GlobalSection(ProjectConfigurationPlatforms) = postSolution
		{EE221044-DD92-491B-88D9-0DCFBAF45205}.Debug|Any CPU.ActiveCfg = Debug|Any CPU
		{EE221044-DD92-491B-88D9-0DCFBAF45205}.Debug|Any CPU.Build.0 = Debug|Any CPU
		{EE221044-DD92-491B-88D9-0DCFBAF45205}.Release|Any CPU.ActiveCfg = Release|Any CPU
		{EE221044-DD92-491B-88D9-0DCFBAF45205}.Release|Any CPU.Build.0 = Release|Any CPU
	EndGlobalSection
	GlobalSection(SolutionProperties) = preSolution
		HideSolutionNode = FALSE
	EndGlobalSection
	GlobalSection(ExtensibilityGlobals) = postSolution
		SolutionGuid = {B4469CC4-0222-47C7-936C-22B556440D59}
	EndGlobalSection
EndGlobal
